// !$*UTF8*$!
{
	archiveVersion = 1;
	classes = {
	};
	objectVersion = 50;
	objects = {

/* Begin PBXBuildFile section */
		20D924662695425E009A2BA0 /* PokedexApp.swift in Sources */ = {isa = PBXBuildFile; fileRef = 20D924652695425E009A2BA0 /* PokedexApp.swift */; };
		20D924682695425E009A2BA0 /* ContentView.swift in Sources */ = {isa = PBXBuildFile; fileRef = 20D924672695425E009A2BA0 /* ContentView.swift */; };
		20D9246A26954260009A2BA0 /* Assets.xcassets in Resources */ = {isa = PBXBuildFile; fileRef = 20D9246926954260009A2BA0 /* Assets.xcassets */; };
		20D9246D26954260009A2BA0 /* Preview Assets.xcassets in Resources */ = {isa = PBXBuildFile; fileRef = 20D9246C26954260009A2BA0 /* Preview Assets.xcassets */; };
		20D9247826954261009A2BA0 /* PokedexTests.swift in Sources */ = {isa = PBXBuildFile; fileRef = 20D9247726954261009A2BA0 /* PokedexTests.swift */; };
		20D9248326954261009A2BA0 /* PokedexUITests.swift in Sources */ = {isa = PBXBuildFile; fileRef = 20D9248226954261009A2BA0 /* PokedexUITests.swift */; };
/* End PBXBuildFile section */

/* Begin PBXContainerItemProxy section */
		20D9247426954260009A2BA0 /* PBXContainerItemProxy */ = {
			isa = PBXContainerItemProxy;
			containerPortal = 20D9245A2695425E009A2BA0 /* Project object */;
			proxyType = 1;
			remoteGlobalIDString = 20D924612695425E009A2BA0;
			remoteInfo = Pokedex;
		};
		20D9247F26954261009A2BA0 /* PBXContainerItemProxy */ = {
			isa = PBXContainerItemProxy;
			containerPortal = 20D9245A2695425E009A2BA0 /* Project object */;
			proxyType = 1;
			remoteGlobalIDString = 20D924612695425E009A2BA0;
			remoteInfo = Pokedex;
		};
/* End PBXContainerItemProxy section */

/* Begin PBXFileReference section */
		20D924622695425E009A2BA0 /* Pokedex.app */ = {isa = PBXFileReference; explicitFileType = wrapper.application; includeInIndex = 0; path = Pokedex.app; sourceTree = BUILT_PRODUCTS_DIR; };
		20D924652695425E009A2BA0 /* PokedexApp.swift */ = {isa = PBXFileReference; lastKnownFileType = sourcecode.swift; path = PokedexApp.swift; sourceTree = "<group>"; };
		20D924672695425E009A2BA0 /* ContentView.swift */ = {isa = PBXFileReference; lastKnownFileType = sourcecode.swift; path = ContentView.swift; sourceTree = "<group>"; };
		20D9246926954260009A2BA0 /* Assets.xcassets */ = {isa = PBXFileReference; lastKnownFileType = folder.assetcatalog; path = Assets.xcassets; sourceTree = "<group>"; };
		20D9246C26954260009A2BA0 /* Preview Assets.xcassets */ = {isa = PBXFileReference; lastKnownFileType = folder.assetcatalog; path = "Preview Assets.xcassets"; sourceTree = "<group>"; };
		20D9246E26954260009A2BA0 /* Info.plist */ = {isa = PBXFileReference; lastKnownFileType = text.plist.xml; path = Info.plist; sourceTree = "<group>"; };
		20D9247326954260009A2BA0 /* PokedexTests.xctest */ = {isa = PBXFileReference; explicitFileType = wrapper.cfbundle; includeInIndex = 0; path = PokedexTests.xctest; sourceTree = BUILT_PRODUCTS_DIR; };
		20D9247726954261009A2BA0 /* PokedexTests.swift */ = {isa = PBXFileReference; lastKnownFileType = sourcecode.swift; path = PokedexTests.swift; sourceTree = "<group>"; };
		20D9247926954261009A2BA0 /* Info.plist */ = {isa = PBXFileReference; lastKnownFileType = text.plist.xml; path = Info.plist; sourceTree = "<group>"; };
		20D9247E26954261009A2BA0 /* PokedexUITests.xctest */ = {isa = PBXFileReference; explicitFileType = wrapper.cfbundle; includeInIndex = 0; path = PokedexUITests.xctest; sourceTree = BUILT_PRODUCTS_DIR; };
		20D9248226954261009A2BA0 /* PokedexUITests.swift */ = {isa = PBXFileReference; lastKnownFileType = sourcecode.swift; path = PokedexUITests.swift; sourceTree = "<group>"; };
		20D9248426954261009A2BA0 /* Info.plist */ = {isa = PBXFileReference; lastKnownFileType = text.plist.xml; path = Info.plist; sourceTree = "<group>"; };
/* End PBXFileReference section */

/* Begin PBXFrameworksBuildPhase section */
		20D9245F2695425E009A2BA0 /* Frameworks */ = {
			isa = PBXFrameworksBuildPhase;
			buildActionMask = 2147483647;
			files = (
			);
			runOnlyForDeploymentPostprocessing = 0;
		};
		20D9247026954260009A2BA0 /* Frameworks */ = {
			isa = PBXFrameworksBuildPhase;
			buildActionMask = 2147483647;
			files = (
			);
			runOnlyForDeploymentPostprocessing = 0;
		};
		20D9247B26954261009A2BA0 /* Frameworks */ = {
			isa = PBXFrameworksBuildPhase;
			buildActionMask = 2147483647;
			files = (
			);
			runOnlyForDeploymentPostprocessing = 0;
		};
/* End PBXFrameworksBuildPhase section */

/* Begin PBXGroup section */
		20D924592695425E009A2BA0 = {
			isa = PBXGroup;
			children = (
				20D924642695425E009A2BA0 /* Pokedex */,
				20D9247626954261009A2BA0 /* PokedexTests */,
				20D9248126954261009A2BA0 /* PokedexUITests */,
				20D924632695425E009A2BA0 /* Products */,
			);
			sourceTree = "<group>";
		};
		20D924632695425E009A2BA0 /* Products */ = {
			isa = PBXGroup;
			children = (
				20D924622695425E009A2BA0 /* Pokedex.app */,
				20D9247326954260009A2BA0 /* PokedexTests.xctest */,
				20D9247E26954261009A2BA0 /* PokedexUITests.xctest */,
			);
			name = Products;
			sourceTree = "<group>";
		};
		20D924642695425E009A2BA0 /* Pokedex */ = {
			isa = PBXGroup;
			children = (
				20D9249726954568009A2BA0 /* extension */,
				20D924962695455A009A2BA0 /* ui */,
				20D9249526954548009A2BA0 /* model */,
				20D924942695453E009A2BA0 /* repository */,
				20D9249326954532009A2BA0 /* db */,
				20D9249226954528009A2BA0 /* entity */,
				20D924912695451C009A2BA0 /* ws */,
				20D924902695450F009A2BA0 /* supporting files */,
				20D924652695425E009A2BA0 /* PokedexApp.swift */,
				20D9246B26954260009A2BA0 /* Preview Content */,
			);
			path = Pokedex;
			sourceTree = "<group>";
		};
		20D9246B26954260009A2BA0 /* Preview Content */ = {
			isa = PBXGroup;
			children = (
				20D9246C26954260009A2BA0 /* Preview Assets.xcassets */,
			);
			path = "Preview Content";
			sourceTree = "<group>";
		};
		20D9247626954261009A2BA0 /* PokedexTests */ = {
			isa = PBXGroup;
			children = (
				20D9247726954261009A2BA0 /* PokedexTests.swift */,
				20D9247926954261009A2BA0 /* Info.plist */,
			);
			path = PokedexTests;
			sourceTree = "<group>";
		};
		20D9248126954261009A2BA0 /* PokedexUITests */ = {
			isa = PBXGroup;
			children = (
				20D9248226954261009A2BA0 /* PokedexUITests.swift */,
				20D9248426954261009A2BA0 /* Info.plist */,
			);
			path = PokedexUITests;
			sourceTree = "<group>";
		};
		20D924902695450F009A2BA0 /* supporting files */ = {
			isa = PBXGroup;
			children = (
				20D9246E26954260009A2BA0 /* Info.plist */,
				20D9246926954260009A2BA0 /* Assets.xcassets */,
			);
			path = "supporting files";
			sourceTree = "<group>";
		};
		20D924912695451C009A2BA0 /* ws */ = {
			isa = PBXGroup;
			children = (
			);
			path = ws;
			sourceTree = "<group>";
		};
		20D9249226954528009A2BA0 /* entity */ = {
			isa = PBXGroup;
			children = (
			);
			path = entity;
			sourceTree = "<group>";
		};
		20D9249326954532009A2BA0 /* db */ = {
			isa = PBXGroup;
			children = (
			);
			path = db;
			sourceTree = "<group>";
		};
		20D924942695453E009A2BA0 /* repository */ = {
			isa = PBXGroup;
			children = (
			);
			path = repository;
			sourceTree = "<group>";
		};
		20D9249526954548009A2BA0 /* model */ = {
			isa = PBXGroup;
			children = (
			);
			path = model;
			sourceTree = "<group>";
		};
		20D924962695455A009A2BA0 /* ui */ = {
			isa = PBXGroup;
			children = (
				20D9249826954890009A2BA0 /* components */,
				20D924672695425E009A2BA0 /* ContentView.swift */,
			);
			path = ui;
			sourceTree = "<group>";
		};
		20D9249726954568009A2BA0 /* extension */ = {
			isa = PBXGroup;
			children = (
			);
			path = extension;
			sourceTree = "<group>";
		};
		20D9249826954890009A2BA0 /* components */ = {
			isa = PBXGroup;
			children = (
			);
			path = components;
			sourceTree = "<group>";
		};
/* End PBXGroup section */

/* Begin PBXNativeTarget section */
		20D924612695425E009A2BA0 /* Pokedex */ = {
			isa = PBXNativeTarget;
			buildConfigurationList = 20D9248726954261009A2BA0 /* Build configuration list for PBXNativeTarget "Pokedex" */;
			buildPhases = (
				20D9245E2695425E009A2BA0 /* Sources */,
				20D9245F2695425E009A2BA0 /* Frameworks */,
				20D924602695425E009A2BA0 /* Resources */,
			);
			buildRules = (
			);
			dependencies = (
			);
			name = Pokedex;
			productName = Pokedex;
			productReference = 20D924622695425E009A2BA0 /* Pokedex.app */;
			productType = "com.apple.product-type.application";
		};
		20D9247226954260009A2BA0 /* PokedexTests */ = {
			isa = PBXNativeTarget;
			buildConfigurationList = 20D9248A26954261009A2BA0 /* Build configuration list for PBXNativeTarget "PokedexTests" */;
			buildPhases = (
				20D9246F26954260009A2BA0 /* Sources */,
				20D9247026954260009A2BA0 /* Frameworks */,
				20D9247126954260009A2BA0 /* Resources */,
			);
			buildRules = (
			);
			dependencies = (
				20D9247526954260009A2BA0 /* PBXTargetDependency */,
			);
			name = PokedexTests;
			productName = PokedexTests;
			productReference = 20D9247326954260009A2BA0 /* PokedexTests.xctest */;
			productType = "com.apple.product-type.bundle.unit-test";
		};
		20D9247D26954261009A2BA0 /* PokedexUITests */ = {
			isa = PBXNativeTarget;
			buildConfigurationList = 20D9248D26954261009A2BA0 /* Build configuration list for PBXNativeTarget "PokedexUITests" */;
			buildPhases = (
				20D9247A26954261009A2BA0 /* Sources */,
				20D9247B26954261009A2BA0 /* Frameworks */,
				20D9247C26954261009A2BA0 /* Resources */,
			);
			buildRules = (
			);
			dependencies = (
				20D9248026954261009A2BA0 /* PBXTargetDependency */,
			);
			name = PokedexUITests;
			productName = PokedexUITests;
			productReference = 20D9247E26954261009A2BA0 /* PokedexUITests.xctest */;
			productType = "com.apple.product-type.bundle.ui-testing";
		};
/* End PBXNativeTarget section */

/* Begin PBXProject section */
		20D9245A2695425E009A2BA0 /* Project object */ = {
			isa = PBXProject;
			attributes = {
				LastSwiftUpdateCheck = 1250;
				LastUpgradeCheck = 1250;
				TargetAttributes = {
					20D924612695425E009A2BA0 = {
						CreatedOnToolsVersion = 12.5;
					};
					20D9247226954260009A2BA0 = {
						CreatedOnToolsVersion = 12.5;
						TestTargetID = 20D924612695425E009A2BA0;
					};
					20D9247D26954261009A2BA0 = {
						CreatedOnToolsVersion = 12.5;
						TestTargetID = 20D924612695425E009A2BA0;
					};
				};
			};
			buildConfigurationList = 20D9245D2695425E009A2BA0 /* Build configuration list for PBXProject "Pokedex" */;
			compatibilityVersion = "Xcode 9.3";
			developmentRegion = en;
			hasScannedForEncodings = 0;
			knownRegions = (
				en,
				Base,
			);
			mainGroup = 20D924592695425E009A2BA0;
			productRefGroup = 20D924632695425E009A2BA0 /* Products */;
			projectDirPath = "";
			projectRoot = "";
			targets = (
				20D924612695425E009A2BA0 /* Pokedex */,
				20D9247226954260009A2BA0 /* PokedexTests */,
				20D9247D26954261009A2BA0 /* PokedexUITests */,
			);
		};
/* End PBXProject section */

/* Begin PBXResourcesBuildPhase section */
		20D924602695425E009A2BA0 /* Resources */ = {
			isa = PBXResourcesBuildPhase;
			buildActionMask = 2147483647;
			files = (
				20D9246D26954260009A2BA0 /* Preview Assets.xcassets in Resources */,
				20D9246A26954260009A2BA0 /* Assets.xcassets in Resources */,
			);
			runOnlyForDeploymentPostprocessing = 0;
		};
		20D9247126954260009A2BA0 /* Resources */ = {
			isa = PBXResourcesBuildPhase;
			buildActionMask = 2147483647;
			files = (
			);
			runOnlyForDeploymentPostprocessing = 0;
		};
		20D9247C26954261009A2BA0 /* Resources */ = {
			isa = PBXResourcesBuildPhase;
			buildActionMask = 2147483647;
			files = (
			);
			runOnlyForDeploymentPostprocessing = 0;
		};
/* End PBXResourcesBuildPhase section */

/* Begin PBXSourcesBuildPhase section */
		20D9245E2695425E009A2BA0 /* Sources */ = {
			isa = PBXSourcesBuildPhase;
			buildActionMask = 2147483647;
			files = (
				20D924682695425E009A2BA0 /* ContentView.swift in Sources */,
				20D924662695425E009A2BA0 /* PokedexApp.swift in Sources */,
			);
			runOnlyForDeploymentPostprocessing = 0;
		};
		20D9246F26954260009A2BA0 /* Sources */ = {
			isa = PBXSourcesBuildPhase;
			buildActionMask = 2147483647;
			files = (
				20D9247826954261009A2BA0 /* PokedexTests.swift in Sources */,
			);
			runOnlyForDeploymentPostprocessing = 0;
		};
		20D9247A26954261009A2BA0 /* Sources */ = {
			isa = PBXSourcesBuildPhase;
			buildActionMask = 2147483647;
			files = (
				20D9248326954261009A2BA0 /* PokedexUITests.swift in Sources */,
			);
			runOnlyForDeploymentPostprocessing = 0;
		};
/* End PBXSourcesBuildPhase section */

/* Begin PBXTargetDependency section */
		20D9247526954260009A2BA0 /* PBXTargetDependency */ = {
			isa = PBXTargetDependency;
			target = 20D924612695425E009A2BA0 /* Pokedex */;
			targetProxy = 20D9247426954260009A2BA0 /* PBXContainerItemProxy */;
		};
		20D9248026954261009A2BA0 /* PBXTargetDependency */ = {
			isa = PBXTargetDependency;
			target = 20D924612695425E009A2BA0 /* Pokedex */;
			targetProxy = 20D9247F26954261009A2BA0 /* PBXContainerItemProxy */;
		};
/* End PBXTargetDependency section */

/* Begin XCBuildConfiguration section */
		20D9248526954261009A2BA0 /* Debug */ = {
			isa = XCBuildConfiguration;
			buildSettings = {
				ALWAYS_SEARCH_USER_PATHS = NO;
				CLANG_ANALYZER_NONNULL = YES;
				CLANG_ANALYZER_NUMBER_OBJECT_CONVERSION = YES_AGGRESSIVE;
				CLANG_CXX_LANGUAGE_STANDARD = "gnu++14";
				CLANG_CXX_LIBRARY = "libc++";
				CLANG_ENABLE_MODULES = YES;
				CLANG_ENABLE_OBJC_ARC = YES;
				CLANG_ENABLE_OBJC_WEAK = YES;
				CLANG_WARN_BLOCK_CAPTURE_AUTORELEASING = YES;
				CLANG_WARN_BOOL_CONVERSION = YES;
				CLANG_WARN_COMMA = YES;
				CLANG_WARN_CONSTANT_CONVERSION = YES;
				CLANG_WARN_DEPRECATED_OBJC_IMPLEMENTATIONS = YES;
				CLANG_WARN_DIRECT_OBJC_ISA_USAGE = YES_ERROR;
				CLANG_WARN_DOCUMENTATION_COMMENTS = YES;
				CLANG_WARN_EMPTY_BODY = YES;
				CLANG_WARN_ENUM_CONVERSION = YES;
				CLANG_WARN_INFINITE_RECURSION = YES;
				CLANG_WARN_INT_CONVERSION = YES;
				CLANG_WARN_NON_LITERAL_NULL_CONVERSION = YES;
				CLANG_WARN_OBJC_IMPLICIT_RETAIN_SELF = YES;
				CLANG_WARN_OBJC_LITERAL_CONVERSION = YES;
				CLANG_WARN_OBJC_ROOT_CLASS = YES_ERROR;
				CLANG_WARN_QUOTED_INCLUDE_IN_FRAMEWORK_HEADER = YES;
				CLANG_WARN_RANGE_LOOP_ANALYSIS = YES;
				CLANG_WARN_STRICT_PROTOTYPES = YES;
				CLANG_WARN_SUSPICIOUS_MOVE = YES;
				CLANG_WARN_UNGUARDED_AVAILABILITY = YES_AGGRESSIVE;
				CLANG_WARN_UNREACHABLE_CODE = YES;
				CLANG_WARN__DUPLICATE_METHOD_MATCH = YES;
				COPY_PHASE_STRIP = NO;
				DEBUG_INFORMATION_FORMAT = dwarf;
				ENABLE_STRICT_OBJC_MSGSEND = YES;
				ENABLE_TESTABILITY = YES;
				GCC_C_LANGUAGE_STANDARD = gnu11;
				GCC_DYNAMIC_NO_PIC = NO;
				GCC_NO_COMMON_BLOCKS = YES;
				GCC_OPTIMIZATION_LEVEL = 0;
				GCC_PREPROCESSOR_DEFINITIONS = (
					"DEBUG=1",
					"$(inherited)",
				);
				GCC_WARN_64_TO_32_BIT_CONVERSION = YES;
				GCC_WARN_ABOUT_RETURN_TYPE = YES_ERROR;
				GCC_WARN_UNDECLARED_SELECTOR = YES;
				GCC_WARN_UNINITIALIZED_AUTOS = YES_AGGRESSIVE;
				GCC_WARN_UNUSED_FUNCTION = YES;
				GCC_WARN_UNUSED_VARIABLE = YES;
				IPHONEOS_DEPLOYMENT_TARGET = 14.5;
				MTL_ENABLE_DEBUG_INFO = INCLUDE_SOURCE;
				MTL_FAST_MATH = YES;
				ONLY_ACTIVE_ARCH = YES;
				SDKROOT = iphoneos;
				SWIFT_ACTIVE_COMPILATION_CONDITIONS = DEBUG;
				SWIFT_OPTIMIZATION_LEVEL = "-Onone";
			};
			name = Debug;
		};
		20D9248626954261009A2BA0 /* Release */ = {
			isa = XCBuildConfiguration;
			buildSettings = {
				ALWAYS_SEARCH_USER_PATHS = NO;
				CLANG_ANALYZER_NONNULL = YES;
				CLANG_ANALYZER_NUMBER_OBJECT_CONVERSION = YES_AGGRESSIVE;
				CLANG_CXX_LANGUAGE_STANDARD = "gnu++14";
				CLANG_CXX_LIBRARY = "libc++";
				CLANG_ENABLE_MODULES = YES;
				CLANG_ENABLE_OBJC_ARC = YES;
				CLANG_ENABLE_OBJC_WEAK = YES;
				CLANG_WARN_BLOCK_CAPTURE_AUTORELEASING = YES;
				CLANG_WARN_BOOL_CONVERSION = YES;
				CLANG_WARN_COMMA = YES;
				CLANG_WARN_CONSTANT_CONVERSION = YES;
				CLANG_WARN_DEPRECATED_OBJC_IMPLEMENTATIONS = YES;
				CLANG_WARN_DIRECT_OBJC_ISA_USAGE = YES_ERROR;
				CLANG_WARN_DOCUMENTATION_COMMENTS = YES;
				CLANG_WARN_EMPTY_BODY = YES;
				CLANG_WARN_ENUM_CONVERSION = YES;
				CLANG_WARN_INFINITE_RECURSION = YES;
				CLANG_WARN_INT_CONVERSION = YES;
				CLANG_WARN_NON_LITERAL_NULL_CONVERSION = YES;
				CLANG_WARN_OBJC_IMPLICIT_RETAIN_SELF = YES;
				CLANG_WARN_OBJC_LITERAL_CONVERSION = YES;
				CLANG_WARN_OBJC_ROOT_CLASS = YES_ERROR;
				CLANG_WARN_QUOTED_INCLUDE_IN_FRAMEWORK_HEADER = YES;
				CLANG_WARN_RANGE_LOOP_ANALYSIS = YES;
				CLANG_WARN_STRICT_PROTOTYPES = YES;
				CLANG_WARN_SUSPICIOUS_MOVE = YES;
				CLANG_WARN_UNGUARDED_AVAILABILITY = YES_AGGRESSIVE;
				CLANG_WARN_UNREACHABLE_CODE = YES;
				CLANG_WARN__DUPLICATE_METHOD_MATCH = YES;
				COPY_PHASE_STRIP = NO;
				DEBUG_INFORMATION_FORMAT = "dwarf-with-dsym";
				ENABLE_NS_ASSERTIONS = NO;
				ENABLE_STRICT_OBJC_MSGSEND = YES;
				GCC_C_LANGUAGE_STANDARD = gnu11;
				GCC_NO_COMMON_BLOCKS = YES;
				GCC_WARN_64_TO_32_BIT_CONVERSION = YES;
				GCC_WARN_ABOUT_RETURN_TYPE = YES_ERROR;
				GCC_WARN_UNDECLARED_SELECTOR = YES;
				GCC_WARN_UNINITIALIZED_AUTOS = YES_AGGRESSIVE;
				GCC_WARN_UNUSED_FUNCTION = YES;
				GCC_WARN_UNUSED_VARIABLE = YES;
				IPHONEOS_DEPLOYMENT_TARGET = 14.5;
				MTL_ENABLE_DEBUG_INFO = NO;
				MTL_FAST_MATH = YES;
				SDKROOT = iphoneos;
				SWIFT_COMPILATION_MODE = wholemodule;
				SWIFT_OPTIMIZATION_LEVEL = "-O";
				VALIDATE_PRODUCT = YES;
			};
			name = Release;
		};
		20D9248826954261009A2BA0 /* Debug */ = {
			isa = XCBuildConfiguration;
			buildSettings = {
				ASSETCATALOG_COMPILER_APPICON_NAME = AppIcon;
				ASSETCATALOG_COMPILER_GLOBAL_ACCENT_COLOR_NAME = AccentColor;
				CODE_SIGN_STYLE = Automatic;
				DEVELOPMENT_ASSET_PATHS = "\"Pokedex/Preview Content\"";
				DEVELOPMENT_TEAM = 7M6CH8Z92Q;
				ENABLE_PREVIEWS = YES;
				INFOPLIST_FILE = "Pokedex/supporting files/Info.plist";
				IPHONEOS_DEPLOYMENT_TARGET = 14.0;
				LD_RUNPATH_SEARCH_PATHS = (
					"$(inherited)",
					"@executable_path/Frameworks",
				);
				PRODUCT_BUNDLE_IDENTIFIER = com.pineda.Pokedex;
				PRODUCT_NAME = "$(TARGET_NAME)";
				SWIFT_VERSION = 5.0;
				TARGETED_DEVICE_FAMILY = "1,2";
			};
			name = Debug;
		};
		20D9248926954261009A2BA0 /* Release */ = {
			isa = XCBuildConfiguration;
			buildSettings = {
				ASSETCATALOG_COMPILER_APPICON_NAME = AppIcon;
				ASSETCATALOG_COMPILER_GLOBAL_ACCENT_COLOR_NAME = AccentColor;
				CODE_SIGN_STYLE = Automatic;
				DEVELOPMENT_ASSET_PATHS = "\"Pokedex/Preview Content\"";
				DEVELOPMENT_TEAM = 7M6CH8Z92Q;
				ENABLE_PREVIEWS = YES;
				INFOPLIST_FILE = "Pokedex/supporting files/Info.plist";
				IPHONEOS_DEPLOYMENT_TARGET = 14.0;
				LD_RUNPATH_SEARCH_PATHS = (
					"$(inherited)",
					"@executable_path/Frameworks",
				);
				PRODUCT_BUNDLE_IDENTIFIER = com.pineda.Pokedex;
				PRODUCT_NAME = "$(TARGET_NAME)";
				SWIFT_VERSION = 5.0;
				TARGETED_DEVICE_FAMILY = "1,2";
			};
			name = Release;
		};
		20D9248B26954261009A2BA0 /* Debug */ = {
			isa = XCBuildConfiguration;
			buildSettings = {
				ALWAYS_EMBED_SWIFT_STANDARD_LIBRARIES = YES;
				BUNDLE_LOADER = "$(TEST_HOST)";
				CODE_SIGN_STYLE = Automatic;
				DEVELOPMENT_TEAM = 7M6CH8Z92Q;
				INFOPLIST_FILE = PokedexTests/Info.plist;
				IPHONEOS_DEPLOYMENT_TARGET = 14.0;
				LD_RUNPATH_SEARCH_PATHS = (
					"$(inherited)",
					"@executable_path/Frameworks",
					"@loader_path/Frameworks",
				);
				PRODUCT_BUNDLE_IDENTIFIER = com.pineda.PokedexTests;
				PRODUCT_NAME = "$(TARGET_NAME)";
				SWIFT_VERSION = 5.0;
				TARGETED_DEVICE_FAMILY = "1,2";
				TEST_HOST = "$(BUILT_PRODUCTS_DIR)/Pokedex.app/Pokedex";
			};
			name = Debug;
		};
		20D9248C26954261009A2BA0 /* Release */ = {
			isa = XCBuildConfiguration;
			buildSettings = {
				ALWAYS_EMBED_SWIFT_STANDARD_LIBRARIES = YES;
				BUNDLE_LOADER = "$(TEST_HOST)";
				CODE_SIGN_STYLE = Automatic;
				DEVELOPMENT_TEAM = 7M6CH8Z92Q;
				INFOPLIST_FILE = PokedexTests/Info.plist;
				IPHONEOS_DEPLOYMENT_TARGET = 14.0;
				LD_RUNPATH_SEARCH_PATHS = (
					"$(inherited)",
					"@executable_path/Frameworks",
					"@loader_path/Frameworks",
				);
				PRODUCT_BUNDLE_IDENTIFIER = com.pineda.PokedexTests;
				PRODUCT_NAME = "$(TARGET_NAME)";
				SWIFT_VERSION = 5.0;
				TARGETED_DEVICE_FAMILY = "1,2";
				TEST_HOST = "$(BUILT_PRODUCTS_DIR)/Pokedex.app/Pokedex";
			};
			name = Release;
		};
		20D9248E26954261009A2BA0 /* Debug */ = {
			isa = XCBuildConfiguration;
			buildSettings = {
				ALWAYS_EMBED_SWIFT_STANDARD_LIBRARIES = YES;
				CODE_SIGN_STYLE = Automatic;
				DEVELOPMENT_TEAM = 7M6CH8Z92Q;
				INFOPLIST_FILE = PokedexUITests/Info.plist;
				LD_RUNPATH_SEARCH_PATHS = (
					"$(inherited)",
					"@executable_path/Frameworks",
					"@loader_path/Frameworks",
				);
				PRODUCT_BUNDLE_IDENTIFIER = com.pineda.PokedexUITests;
				PRODUCT_NAME = "$(TARGET_NAME)";
				SWIFT_VERSION = 5.0;
				TARGETED_DEVICE_FAMILY = "1,2";
				TEST_TARGET_NAME = Pokedex;
			};
			name = Debug;
		};
		20D9248F26954261009A2BA0 /* Release */ = {
			isa = XCBuildConfiguration;
			buildSettings = {
				ALWAYS_EMBED_SWIFT_STANDARD_LIBRARIES = YES;
				CODE_SIGN_STYLE = Automatic;
				DEVELOPMENT_TEAM = 7M6CH8Z92Q;
				INFOPLIST_FILE = PokedexUITests/Info.plist;
				LD_RUNPATH_SEARCH_PATHS = (
					"$(inherited)",
					"@executable_path/Frameworks",
					"@loader_path/Frameworks",
				);
				PRODUCT_BUNDLE_IDENTIFIER = com.pineda.PokedexUITests;
				PRODUCT_NAME = "$(TARGET_NAME)";
				SWIFT_VERSION = 5.0;
				TARGETED_DEVICE_FAMILY = "1,2";
				TEST_TARGET_NAME = Pokedex;
			};
			name = Release;
		};
/* End XCBuildConfiguration section */

/* Begin XCConfigurationList section */
		20D9245D2695425E009A2BA0 /* Build configuration list for PBXProject "Pokedex" */ = {
			isa = XCConfigurationList;
			buildConfigurations = (
				20D9248526954261009A2BA0 /* Debug */,
				20D9248626954261009A2BA0 /* Release */,
			);
			defaultConfigurationIsVisible = 0;
			defaultConfigurationName = Release;
		};
		20D9248726954261009A2BA0 /* Build configuration list for PBXNativeTarget "Pokedex" */ = {
			isa = XCConfigurationList;
			buildConfigurations = (
				20D9248826954261009A2BA0 /* Debug */,
				20D9248926954261009A2BA0 /* Release */,
			);
			defaultConfigurationIsVisible = 0;
			defaultConfigurationName = Release;
		};
		20D9248A26954261009A2BA0 /* Build configuration list for PBXNativeTarget "PokedexTests" */ = {
			isa = XCConfigurationList;
			buildConfigurations = (
				20D9248B26954261009A2BA0 /* Debug */,
				20D9248C26954261009A2BA0 /* Release */,
			);
			defaultConfigurationIsVisible = 0;
			defaultConfigurationName = Release;
		};
		20D9248D26954261009A2BA0 /* Build configuration list for PBXNativeTarget "PokedexUITests" */ = {
			isa = XCConfigurationList;
			buildConfigurations = (
				20D9248E26954261009A2BA0 /* Debug */,
				20D9248F26954261009A2BA0 /* Release */,
			);
			defaultConfigurationIsVisible = 0;
			defaultConfigurationName = Release;
		};
/* End XCConfigurationList section */
	};
	rootObject = 20D9245A2695425E009A2BA0 /* Project object */;
}
